
Microsoft Visual Studio Solution File, Format Version 12.00
Project("{FAE04EC0-301F-11D3-BF4B-00C04F79EFBC}") = "Client_tetris", "Client_tetris\Client_tetris.csproj", "{EACFDD48-C242-46CD-82D6-5CAEB87CAC0C}"
EndProject
Global
	GlobalSection(SolutionConfigurationPlatforms) = preSolution
		Debug|Any CPU = Debug|Any CPU
		Release|Any CPU = Release|Any CPU
	EndGlobalSection
	GlobalSection(ProjectConfigurationPlatforms) = postSolution
		{EACFDD48-C242-46CD-82D6-5CAEB87CAC0C}.Debug|Any CPU.ActiveCfg = Debug|Any CPU
		{EACFDD48-C242-46CD-82D6-5CAEB87CAC0C}.Debug|Any CPU.Build.0 = Debug|Any CPU
		{EACFDD48-C242-46CD-82D6-5CAEB87CAC0C}.Release|Any CPU.ActiveCfg = Release|Any CPU
		{EACFDD48-C242-46CD-82D6-5CAEB87CAC0C}.Release|Any CPU.Build.0 = Release|Any CPU
	EndGlobalSection
EndGlobal
